
Microsoft Visual Studio Solution File, Format Version 12.00
# Visual Studio Version 16
VisualStudioVersion = 16.0.32413.511
MinimumVisualStudioVersion = 10.0.40219.1
Project("{FAE04EC0-301F-11D3-BF4B-00C04F79EFBC}") = "WebApi", "WebApi\WebApi.csproj", "{03BB4855-6126-4C88-8C82-6C8BD5A33D05}"
EndProject
Project("{9A19103F-16F7-4668-BE54-9A1E7A4F7556}") = "WebClient", "WebClient\WebClient.csproj", "{5BB24FF1-FA4D-4496-83FE-4691EEC3F5D4}"
EndProject
Global
	GlobalSection(SolutionConfigurationPlatforms) = preSolution
		Debug|Any CPU = Debug|Any CPU
		Release|Any CPU = Release|Any CPU
	EndGlobalSection
	GlobalSection(ProjectConfigurationPlatforms) = postSolution
		{03BB4855-6126-4C88-8C82-6C8BD5A33D05}.Debug|Any CPU.ActiveCfg = Debug|Any CPU
		{03BB4855-6126-4C88-8C82-6C8BD5A33D05}.Debug|Any CPU.Build.0 = Debug|Any CPU
		{03BB4855-6126-4C88-8C82-6C8BD5A33D05}.Release|Any CPU.ActiveCfg = Release|Any CPU
		{03BB4855-6126-4C88-8C82-6C8BD5A33D05}.Release|Any CPU.Build.0 = Release|Any CPU
		{5BB24FF1-FA4D-4496-83FE-4691EEC3F5D4}.Debug|Any CPU.ActiveCfg = Debug|Any CPU
		{5BB24FF1-FA4D-4496-83FE-4691EEC3F5D4}.Debug|Any CPU.Build.0 = Debug|Any CPU
		{5BB24FF1-FA4D-4496-83FE-4691EEC3F5D4}.Release|Any CPU.ActiveCfg = Release|Any CPU
		{5BB24FF1-FA4D-4496-83FE-4691EEC3F5D4}.Release|Any CPU.Build.0 = Release|Any CPU
	EndGlobalSection
	GlobalSection(SolutionProperties) = preSolution
		HideSolutionNode = FALSE
	EndGlobalSection
	GlobalSection(ExtensibilityGlobals) = postSolution
		SolutionGuid = {5605C636-7F11-4904-B86B-EC075921AC89}
	EndGlobalSection
EndGlobal
